
Microsoft Visual Studio Solution File, Format Version 12.00
# Visual Studio Version 17
VisualStudioVersion = 17.12.35506.116
MinimumVisualStudioVersion = 10.0.40219.1
Project("{FAE04EC0-301F-11D3-BF4B-00C04F79EFBC}") = "KMPAccounting", "KMPAccounting\KMPAccounting.csproj", "{A7D5F15A-AB95-4E0B-8A1B-65AC8F437D9C}"
EndProject
Project("{FAE04EC0-301F-11D3-BF4B-00C04F79EFBC}") = "KMPCommon", "KMPCommon\KMPCommon.csproj", "{627D0906-FAA3-4BA1-89D7-741D4BF104A5}"
EndProject
Project("{FAE04EC0-301F-11D3-BF4B-00C04F79EFBC}") = "KMPAccounting.Console", "KMPAccounting.Console\KMPAccounting.Console.csproj", "{9EF1090D-4779-444D-A7EB-949962C733AB}"
EndProject
Project("{FAE04EC0-301F-11D3-BF4B-00C04F79EFBC}") = "KMPAccounting.Testing", "KMPAccounting.Testing\KMPAccounting.Testing.csproj", "{F6D48858-1289-4A4F-BE01-C5BDD71DA6EC}"
EndProject
Global
	GlobalSection(SolutionConfigurationPlatforms) = preSolution
		Debug|Any CPU = Debug|Any CPU
		Release|Any CPU = Release|Any CPU
	EndGlobalSection
	GlobalSection(ProjectConfigurationPlatforms) = postSolution
		{A7D5F15A-AB95-4E0B-8A1B-65AC8F437D9C}.Debug|Any CPU.ActiveCfg = Debug|Any CPU
		{A7D5F15A-AB95-4E0B-8A1B-65AC8F437D9C}.Debug|Any CPU.Build.0 = Debug|Any CPU
		{A7D5F15A-AB95-4E0B-8A1B-65AC8F437D9C}.Release|Any CPU.ActiveCfg = Release|Any CPU
		{A7D5F15A-AB95-4E0B-8A1B-65AC8F437D9C}.Release|Any CPU.Build.0 = Release|Any CPU
		{627D0906-FAA3-4BA1-89D7-741D4BF104A5}.Debug|Any CPU.ActiveCfg = Debug|Any CPU
		{627D0906-FAA3-4BA1-89D7-741D4BF104A5}.Debug|Any CPU.Build.0 = Debug|Any CPU
		{627D0906-FAA3-4BA1-89D7-741D4BF104A5}.Release|Any CPU.ActiveCfg = Release|Any CPU
		{627D0906-FAA3-4BA1-89D7-741D4BF104A5}.Release|Any CPU.Build.0 = Release|Any CPU
		{9EF1090D-4779-444D-A7EB-949962C733AB}.Debug|Any CPU.ActiveCfg = Debug|Any CPU
		{9EF1090D-4779-444D-A7EB-949962C733AB}.Debug|Any CPU.Build.0 = Debug|Any CPU
		{9EF1090D-4779-444D-A7EB-949962C733AB}.Release|Any CPU.ActiveCfg = Release|Any CPU
		{9EF1090D-4779-444D-A7EB-949962C733AB}.Release|Any CPU.Build.0 = Release|Any CPU
		{F6D48858-1289-4A4F-BE01-C5BDD71DA6EC}.Debug|Any CPU.ActiveCfg = Debug|Any CPU
		{F6D48858-1289-4A4F-BE01-C5BDD71DA6EC}.Debug|Any CPU.Build.0 = Debug|Any CPU
		{F6D48858-1289-4A4F-BE01-C5BDD71DA6EC}.Release|Any CPU.ActiveCfg = Release|Any CPU
		{F6D48858-1289-4A4F-BE01-C5BDD71DA6EC}.Release|Any CPU.Build.0 = Release|Any CPU
	EndGlobalSection
	GlobalSection(SolutionProperties) = preSolution
		HideSolutionNode = FALSE
	EndGlobalSection
EndGlobal
